
Microsoft Visual Studio Solution File, Format Version 12.00
# Visual Studio 15
VisualStudioVersion = 15.0.27130.2020
MinimumVisualStudioVersion = 10.0.40219.1
Project("{9A19103F-16F7-4668-BE54-9A1E7A4F7556}") = "Shipwreck.Postal", "Shipwreck.Postal\Shipwreck.Postal.csproj", "{EE3634F2-693C-46AE-817F-1F0D88EC7FAB}"
EndProject
Project("{9A19103F-16F7-4668-BE54-9A1E7A4F7556}") = "Shipwreck.Postal.Tests", "Shipwreck.Postal.Tests\Shipwreck.Postal.Tests.csproj", "{1BD6E425-B07B-42DB-946E-366789371502}"
EndProject
Global
	GlobalSection(SolutionConfigurationPlatforms) = preSolution
		Debug|Any CPU = Debug|Any CPU
		Release|Any CPU = Release|Any CPU
	EndGlobalSection
	GlobalSection(ProjectConfigurationPlatforms) = postSolution
		{EE3634F2-693C-46AE-817F-1F0D88EC7FAB}.Debug|Any CPU.ActiveCfg = Debug|Any CPU
		{EE3634F2-693C-46AE-817F-1F0D88EC7FAB}.Debug|Any CPU.Build.0 = Debug|Any CPU
		{EE3634F2-693C-46AE-817F-1F0D88EC7FAB}.Release|Any CPU.ActiveCfg = Release|Any CPU
		{EE3634F2-693C-46AE-817F-1F0D88EC7FAB}.Release|Any CPU.Build.0 = Release|Any CPU
		{1BD6E425-B07B-42DB-946E-366789371502}.Debug|Any CPU.ActiveCfg = Debug|Any CPU
		{1BD6E425-B07B-42DB-946E-366789371502}.Debug|Any CPU.Build.0 = Debug|Any CPU
		{1BD6E425-B07B-42DB-946E-366789371502}.Release|Any CPU.ActiveCfg = Release|Any CPU
		{1BD6E425-B07B-42DB-946E-366789371502}.Release|Any CPU.Build.0 = Release|Any CPU
	EndGlobalSection
	GlobalSection(SolutionProperties) = preSolution
		HideSolutionNode = FALSE
	EndGlobalSection
	GlobalSection(ExtensibilityGlobals) = postSolution
		SolutionGuid = {A1F82563-8BAE-46BD-8592-0BB6A010C506}
	EndGlobalSection
EndGlobal
